
Microsoft Visual Studio Solution File, Format Version 12.00
# Visual Studio Version 17
VisualStudioVersion = 17.5.002.0
MinimumVisualStudioVersion = 10.0.40219.1
Project("{2150E333-8FDC-42A3-9474-1A3956D46DE8}") = "Veyt-API-Project", "Veyt-API-Project", "{66E2C50E-5330-4606-8C7B-9D3F08F06C51}"
EndProject
Project("{9A19103F-16F7-4668-BE54-9A1E7A4F7556}") = "Veyt-Project", "Veyt-API-Project\Veyt-Project\Veyt-Project.csproj", "{2CAEB503-52EA-46E8-8D7F-A3337C1EC8E8}"
EndProject
Global
	GlobalSection(SolutionConfigurationPlatforms) = preSolution
		Debug|Any CPU = Debug|Any CPU
		Release|Any CPU = Release|Any CPU
	EndGlobalSection
	GlobalSection(ProjectConfigurationPlatforms) = postSolution
		{2CAEB503-52EA-46E8-8D7F-A3337C1EC8E8}.Debug|Any CPU.ActiveCfg = Debug|Any CPU
		{2CAEB503-52EA-46E8-8D7F-A3337C1EC8E8}.Debug|Any CPU.Build.0 = Debug|Any CPU
		{2CAEB503-52EA-46E8-8D7F-A3337C1EC8E8}.Release|Any CPU.ActiveCfg = Release|Any CPU
		{2CAEB503-52EA-46E8-8D7F-A3337C1EC8E8}.Release|Any CPU.Build.0 = Release|Any CPU
	EndGlobalSection
	GlobalSection(SolutionProperties) = preSolution
		HideSolutionNode = FALSE
	EndGlobalSection
	GlobalSection(NestedProjects) = preSolution
		{2CAEB503-52EA-46E8-8D7F-A3337C1EC8E8} = {66E2C50E-5330-4606-8C7B-9D3F08F06C51}
	EndGlobalSection
	GlobalSection(ExtensibilityGlobals) = postSolution
		SolutionGuid = {94849C39-19F5-4C30-B249-84196D9BDFF1}
	EndGlobalSection
EndGlobal
